
Microsoft Visual Studio Solution File, Format Version 12.00
# Visual Studio Version 17
VisualStudioVersion = 17.3.32901.215
MinimumVisualStudioVersion = 10.0.40219.1
Project("{FAE04EC0-301F-11D3-BF4B-00C04F79EFBC}") = "01_Değişkenler_VeriTipleri", "01_Değişkenler_VeriTipleri\01_Değişkenler_VeriTipleri.csproj", "{B9481924-47E4-45D5-932F-F33C893E8A99}"
EndProject
Project("{FAE04EC0-301F-11D3-BF4B-00C04F79EFBC}") = "02_Operatorler", "02_Operatorler\02_Operatorler.csproj", "{8387E004-00A6-4B31-A6E9-D11186CBA154}"
EndProject
Project("{FAE04EC0-301F-11D3-BF4B-00C04F79EFBC}") = "03_Tip_Dönüşümleri", "03_Tip_Dönüşümleri\03_Tip_Dönüşümleri.csproj", "{E58A6C28-AE97-42C1-A4FE-FF12E7A77EC1}"
EndProject
Project("{FAE04EC0-301F-11D3-BF4B-00C04F79EFBC}") = "04_Algoritma", "04_Algoritma\04_Algoritma.csproj", "{6413D6DC-91EE-419C-95E6-CA11C6342D6F}"
EndProject
Project("{FAE04EC0-301F-11D3-BF4B-00C04F79EFBC}") = "05_If_Else_1", "05_If_Else_1\05_If_Else_1.csproj", "{A59355E3-6147-440B-8C29-2AAB3E3F63CA}"
EndProject
Project("{FAE04EC0-301F-11D3-BF4B-00C04F79EFBC}") = "06_Switch_Case", "06_Switch_Case\06_Switch_Case.csproj", "{663930EB-E0B0-4841-8098-5DA7F11CACAE}"
EndProject
Project("{FAE04EC0-301F-11D3-BF4B-00C04F79EFBC}") = "07_ODEV", "07_ODEV\07_ODEV.csproj", "{09DD0C8C-CF62-44FB-BFF6-BD5533362251}"
EndProject
Project("{FAE04EC0-301F-11D3-BF4B-00C04F79EFBC}") = "08_TryCatch", "08_TryCatch\08_TryCatch.csproj", "{86548BF0-2E3E-45B3-9D21-77E2075EBDFD}"
EndProject
Project("{FAE04EC0-301F-11D3-BF4B-00C04F79EFBC}") = "09_Loops", "09_Loops\09_Loops.csproj", "{8966069A-1DAD-47D2-93F8-3F5CDCF34BC8}"
EndProject
Project("{FAE04EC0-301F-11D3-BF4B-00C04F79EFBC}") = "10_Bankamatik", "10_Bankamatik\10_Bankamatik.csproj", "{B691F324-3B69-4D69-9660-9B63BB8FD8AB}"
EndProject
Project("{FAE04EC0-301F-11D3-BF4B-00C04F79EFBC}") = "11_Arrays", "11_Arrays\11_Arrays.csproj", "{B13B7416-7129-4F23-925E-6F1A90E411BD}"
EndProject
Project("{FAE04EC0-301F-11D3-BF4B-00C04F79EFBC}") = "12_Otomat_Makinesi", "12_Otomat_Makinesi\12_Otomat_Makinesi.csproj", "{75FD6FEF-FAAA-4235-864C-A5742F3EA863}"
EndProject
Project("{FAE04EC0-301F-11D3-BF4B-00C04F79EFBC}") = "13_ArrayList", "13_ArrayList\13_ArrayList.csproj", "{F61529A6-CB83-4484-9E70-BBA7978BCAD1}"
EndProject
Project("{FAE04EC0-301F-11D3-BF4B-00C04F79EFBC}") = "15_Metotlar", "15_Metotlar\15_Metotlar.csproj", "{A9788979-5DDD-45E1-993B-47D24A4B23BF}"
EndProject
Project("{FAE04EC0-301F-11D3-BF4B-00C04F79EFBC}") = "14_ManavOtomasyonu", "14_ManavOtomasyonu\14_ManavOtomasyonu.csproj", "{47FA9422-A21C-40D4-91C4-AFB57331DD7F}"
EndProject
Project("{FAE04EC0-301F-11D3-BF4B-00C04F79EFBC}") = "15_Metotlar_2", "15_Metotlar_2\15_Metotlar_2.csproj", "{B295AA36-CB6F-4CB8-8D63-2F46811C81CA}"
EndProject
Project("{FAE04EC0-301F-11D3-BF4B-00C04F79EFBC}") = "15_Metotlar_3", "15_Metotlar_3\15_Metotlar_3.csproj", "{9E7A498F-8497-438B-9AD7-BB596224581E}"
EndProject
Project("{FAE04EC0-301F-11D3-BF4B-00C04F79EFBC}") = "15_Metotlar_4", "15_Metotlar_4\15_Metotlar_4.csproj", "{779F45AC-3010-46A8-93E4-A89FE0A2BC86}"
EndProject
Project("{FAE04EC0-301F-11D3-BF4B-00C04F79EFBC}") = "15_Metotlar_5", "15_Metotlar_5\15_Metotlar_5.csproj", "{B0A3F60B-4D10-4A37-AE03-F24EC8A6EE63}"
EndProject
Project("{FAE04EC0-301F-11D3-BF4B-00C04F79EFBC}") = "15_Metotlar_6", "15_Metotlar_6\15_Metotlar_6.csproj", "{4C3AFE9F-8489-4EE1-8F20-D4071F0B52B6}"
EndProject
Project("{FAE04EC0-301F-11D3-BF4B-00C04F79EFBC}") = "15_Metotlar_7", "15_Metotlar_7\15_Metotlar_7.csproj", "{B475605A-1B48-413D-A6D7-45FDF19C3A6F}"
EndProject
Project("{FAE04EC0-301F-11D3-BF4B-00C04F79EFBC}") = "15_Metotlar_8", "15_Metotlar_8\15_Metotlar_8.csproj", "{4B771A9D-CEAE-4C3B-9432-AC49A16FF84C}"
EndProject
Project("{FAE04EC0-301F-11D3-BF4B-00C04F79EFBC}") = "15_Metotlar_9_Odev", "15_Metotlar_9_Odev\15_Metotlar_9_Odev.csproj", "{981BA4D9-3FEA-4A62-9313-824533290AA8}"
EndProject
Project("{FAE04EC0-301F-11D3-BF4B-00C04F79EFBC}") = "16_Collections", "16_Collections\16_Collections.csproj", "{D170DF0B-2362-49FF-807F-5C8A2937607E}"
EndProject
Project("{FAE04EC0-301F-11D3-BF4B-00C04F79EFBC}") = "17_GenericList", "17_GenericList\17_GenericList.csproj", "{E20C4C5B-A48F-4888-A964-F40CCD434B3C}"
EndProject
Project("{FAE04EC0-301F-11D3-BF4B-00C04F79EFBC}") = "18_OOP", "18_OOP\18_OOP.csproj", "{A7FB3C5A-F760-44DE-99B2-4CBA86B92F71}"
EndProject
Project("{FAE04EC0-301F-11D3-BF4B-00C04F79EFBC}") = "18_OOP_1_This", "18_OOP_1_This\18_OOP_1_This.csproj", "{1EA9DAA5-7249-463B-8798-87B36CE35173}"
EndProject
Project("{FAE04EC0-301F-11D3-BF4B-00C04F79EFBC}") = "18_OOP_2_Constructor", "18_OOP_2_Constructor\18_OOP_2_Constructor.csproj", "{15430D85-8920-4EFA-837A-F508D69C5F8D}"
EndProject
Project("{FAE04EC0-301F-11D3-BF4B-00C04F79EFBC}") = "18_OOP_3_Encapsulation", "18_OOP_3_Encapsulation\18_OOP_3_Encapsulation.csproj", "{9AC92080-F133-4A77-98E0-6869C0DF382B}"
EndProject
Global
	GlobalSection(SolutionConfigurationPlatforms) = preSolution
		Debug|Any CPU = Debug|Any CPU
		Release|Any CPU = Release|Any CPU
	EndGlobalSection
	GlobalSection(ProjectConfigurationPlatforms) = postSolution
		{B9481924-47E4-45D5-932F-F33C893E8A99}.Debug|Any CPU.ActiveCfg = Debug|Any CPU
		{B9481924-47E4-45D5-932F-F33C893E8A99}.Debug|Any CPU.Build.0 = Debug|Any CPU
		{B9481924-47E4-45D5-932F-F33C893E8A99}.Release|Any CPU.ActiveCfg = Release|Any CPU
		{B9481924-47E4-45D5-932F-F33C893E8A99}.Release|Any CPU.Build.0 = Release|Any CPU
		{8387E004-00A6-4B31-A6E9-D11186CBA154}.Debug|Any CPU.ActiveCfg = Debug|Any CPU
		{8387E004-00A6-4B31-A6E9-D11186CBA154}.Debug|Any CPU.Build.0 = Debug|Any CPU
		{8387E004-00A6-4B31-A6E9-D11186CBA154}.Release|Any CPU.ActiveCfg = Release|Any CPU
		{8387E004-00A6-4B31-A6E9-D11186CBA154}.Release|Any CPU.Build.0 = Release|Any CPU
		{E58A6C28-AE97-42C1-A4FE-FF12E7A77EC1}.Debug|Any CPU.ActiveCfg = Debug|Any CPU
		{E58A6C28-AE97-42C1-A4FE-FF12E7A77EC1}.Debug|Any CPU.Build.0 = Debug|Any CPU
		{E58A6C28-AE97-42C1-A4FE-FF12E7A77EC1}.Release|Any CPU.ActiveCfg = Release|Any CPU
		{E58A6C28-AE97-42C1-A4FE-FF12E7A77EC1}.Release|Any CPU.Build.0 = Release|Any CPU
		{6413D6DC-91EE-419C-95E6-CA11C6342D6F}.Debug|Any CPU.ActiveCfg = Debug|Any CPU
		{6413D6DC-91EE-419C-95E6-CA11C6342D6F}.Debug|Any CPU.Build.0 = Debug|Any CPU
		{6413D6DC-91EE-419C-95E6-CA11C6342D6F}.Release|Any CPU.ActiveCfg = Release|Any CPU
		{6413D6DC-91EE-419C-95E6-CA11C6342D6F}.Release|Any CPU.Build.0 = Release|Any CPU
		{A59355E3-6147-440B-8C29-2AAB3E3F63CA}.Debug|Any CPU.ActiveCfg = Debug|Any CPU
		{A59355E3-6147-440B-8C29-2AAB3E3F63CA}.Debug|Any CPU.Build.0 = Debug|Any CPU
		{A59355E3-6147-440B-8C29-2AAB3E3F63CA}.Release|Any CPU.ActiveCfg = Release|Any CPU
		{A59355E3-6147-440B-8C29-2AAB3E3F63CA}.Release|Any CPU.Build.0 = Release|Any CPU
		{663930EB-E0B0-4841-8098-5DA7F11CACAE}.Debug|Any CPU.ActiveCfg = Debug|Any CPU
		{663930EB-E0B0-4841-8098-5DA7F11CACAE}.Debug|Any CPU.Build.0 = Debug|Any CPU
		{663930EB-E0B0-4841-8098-5DA7F11CACAE}.Release|Any CPU.ActiveCfg = Release|Any CPU
		{663930EB-E0B0-4841-8098-5DA7F11CACAE}.Release|Any CPU.Build.0 = Release|Any CPU
		{09DD0C8C-CF62-44FB-BFF6-BD5533362251}.Debug|Any CPU.ActiveCfg = Debug|Any CPU
		{09DD0C8C-CF62-44FB-BFF6-BD5533362251}.Debug|Any CPU.Build.0 = Debug|Any CPU
		{09DD0C8C-CF62-44FB-BFF6-BD5533362251}.Release|Any CPU.ActiveCfg = Release|Any CPU
		{09DD0C8C-CF62-44FB-BFF6-BD5533362251}.Release|Any CPU.Build.0 = Release|Any CPU
		{86548BF0-2E3E-45B3-9D21-77E2075EBDFD}.Debug|Any CPU.ActiveCfg = Debug|Any CPU
		{86548BF0-2E3E-45B3-9D21-77E2075EBDFD}.Debug|Any CPU.Build.0 = Debug|Any CPU
		{86548BF0-2E3E-45B3-9D21-77E2075EBDFD}.Release|Any CPU.ActiveCfg = Release|Any CPU
		{86548BF0-2E3E-45B3-9D21-77E2075EBDFD}.Release|Any CPU.Build.0 = Release|Any CPU
		{8966069A-1DAD-47D2-93F8-3F5CDCF34BC8}.Debug|Any CPU.ActiveCfg = Debug|Any CPU
		{8966069A-1DAD-47D2-93F8-3F5CDCF34BC8}.Debug|Any CPU.Build.0 = Debug|Any CPU
		{8966069A-1DAD-47D2-93F8-3F5CDCF34BC8}.Release|Any CPU.ActiveCfg = Release|Any CPU
		{8966069A-1DAD-47D2-93F8-3F5CDCF34BC8}.Release|Any CPU.Build.0 = Release|Any CPU
		{B691F324-3B69-4D69-9660-9B63BB8FD8AB}.Debug|Any CPU.ActiveCfg = Debug|Any CPU
		{B691F324-3B69-4D69-9660-9B63BB8FD8AB}.Debug|Any CPU.Build.0 = Debug|Any CPU
		{B691F324-3B69-4D69-9660-9B63BB8FD8AB}.Release|Any CPU.ActiveCfg = Release|Any CPU
		{B691F324-3B69-4D69-9660-9B63BB8FD8AB}.Release|Any CPU.Build.0 = Release|Any CPU
		{B13B7416-7129-4F23-925E-6F1A90E411BD}.Debug|Any CPU.ActiveCfg = Debug|Any CPU
		{B13B7416-7129-4F23-925E-6F1A90E411BD}.Debug|Any CPU.Build.0 = Debug|Any CPU
		{B13B7416-7129-4F23-925E-6F1A90E411BD}.Release|Any CPU.ActiveCfg = Release|Any CPU
		{B13B7416-7129-4F23-925E-6F1A90E411BD}.Release|Any CPU.Build.0 = Release|Any CPU
		{75FD6FEF-FAAA-4235-864C-A5742F3EA863}.Debug|Any CPU.ActiveCfg = Debug|Any CPU
		{75FD6FEF-FAAA-4235-864C-A5742F3EA863}.Debug|Any CPU.Build.0 = Debug|Any CPU
		{75FD6FEF-FAAA-4235-864C-A5742F3EA863}.Release|Any CPU.ActiveCfg = Release|Any CPU
		{75FD6FEF-FAAA-4235-864C-A5742F3EA863}.Release|Any CPU.Build.0 = Release|Any CPU
		{F61529A6-CB83-4484-9E70-BBA7978BCAD1}.Debug|Any CPU.ActiveCfg = Debug|Any CPU
		{F61529A6-CB83-4484-9E70-BBA7978BCAD1}.Debug|Any CPU.Build.0 = Debug|Any CPU
		{F61529A6-CB83-4484-9E70-BBA7978BCAD1}.Release|Any CPU.ActiveCfg = Release|Any CPU
		{F61529A6-CB83-4484-9E70-BBA7978BCAD1}.Release|Any CPU.Build.0 = Release|Any CPU
		{A9788979-5DDD-45E1-993B-47D24A4B23BF}.Debug|Any CPU.ActiveCfg = Debug|Any CPU
		{A9788979-5DDD-45E1-993B-47D24A4B23BF}.Debug|Any CPU.Build.0 = Debug|Any CPU
		{A9788979-5DDD-45E1-993B-47D24A4B23BF}.Release|Any CPU.ActiveCfg = Release|Any CPU
		{A9788979-5DDD-45E1-993B-47D24A4B23BF}.Release|Any CPU.Build.0 = Release|Any CPU
		{47FA9422-A21C-40D4-91C4-AFB57331DD7F}.Debug|Any CPU.ActiveCfg = Debug|Any CPU
		{47FA9422-A21C-40D4-91C4-AFB57331DD7F}.Debug|Any CPU.Build.0 = Debug|Any CPU
		{47FA9422-A21C-40D4-91C4-AFB57331DD7F}.Release|Any CPU.ActiveCfg = Release|Any CPU
		{47FA9422-A21C-40D4-91C4-AFB57331DD7F}.Release|Any CPU.Build.0 = Release|Any CPU
		{B295AA36-CB6F-4CB8-8D63-2F46811C81CA}.Debug|Any CPU.ActiveCfg = Debug|Any CPU
		{B295AA36-CB6F-4CB8-8D63-2F46811C81CA}.Debug|Any CPU.Build.0 = Debug|Any CPU
		{B295AA36-CB6F-4CB8-8D63-2F46811C81CA}.Release|Any CPU.ActiveCfg = Release|Any CPU
		{B295AA36-CB6F-4CB8-8D63-2F46811C81CA}.Release|Any CPU.Build.0 = Release|Any CPU
		{9E7A498F-8497-438B-9AD7-BB596224581E}.Debug|Any CPU.ActiveCfg = Debug|Any CPU
		{9E7A498F-8497-438B-9AD7-BB596224581E}.Debug|Any CPU.Build.0 = Debug|Any CPU
		{9E7A498F-8497-438B-9AD7-BB596224581E}.Release|Any CPU.ActiveCfg = Release|Any CPU
		{9E7A498F-8497-438B-9AD7-BB596224581E}.Release|Any CPU.Build.0 = Release|Any CPU
		{779F45AC-3010-46A8-93E4-A89FE0A2BC86}.Debug|Any CPU.ActiveCfg = Debug|Any CPU
		{779F45AC-3010-46A8-93E4-A89FE0A2BC86}.Debug|Any CPU.Build.0 = Debug|Any CPU
		{779F45AC-3010-46A8-93E4-A89FE0A2BC86}.Release|Any CPU.ActiveCfg = Release|Any CPU
		{779F45AC-3010-46A8-93E4-A89FE0A2BC86}.Release|Any CPU.Build.0 = Release|Any CPU
		{B0A3F60B-4D10-4A37-AE03-F24EC8A6EE63}.Debug|Any CPU.ActiveCfg = Debug|Any CPU
		{B0A3F60B-4D10-4A37-AE03-F24EC8A6EE63}.Debug|Any CPU.Build.0 = Debug|Any CPU
		{B0A3F60B-4D10-4A37-AE03-F24EC8A6EE63}.Release|Any CPU.ActiveCfg = Release|Any CPU
		{B0A3F60B-4D10-4A37-AE03-F24EC8A6EE63}.Release|Any CPU.Build.0 = Release|Any CPU
		{4C3AFE9F-8489-4EE1-8F20-D4071F0B52B6}.Debug|Any CPU.ActiveCfg = Debug|Any CPU
		{4C3AFE9F-8489-4EE1-8F20-D4071F0B52B6}.Debug|Any CPU.Build.0 = Debug|Any CPU
		{4C3AFE9F-8489-4EE1-8F20-D4071F0B52B6}.Release|Any CPU.ActiveCfg = Release|Any CPU
		{4C3AFE9F-8489-4EE1-8F20-D4071F0B52B6}.Release|Any CPU.Build.0 = Release|Any CPU
		{B475605A-1B48-413D-A6D7-45FDF19C3A6F}.Debug|Any CPU.ActiveCfg = Debug|Any CPU
		{B475605A-1B48-413D-A6D7-45FDF19C3A6F}.Debug|Any CPU.Build.0 = Debug|Any CPU
		{B475605A-1B48-413D-A6D7-45FDF19C3A6F}.Release|Any CPU.ActiveCfg = Release|Any CPU
		{B475605A-1B48-413D-A6D7-45FDF19C3A6F}.Release|Any CPU.Build.0 = Release|Any CPU
		{4B771A9D-CEAE-4C3B-9432-AC49A16FF84C}.Debug|Any CPU.ActiveCfg = Debug|Any CPU
		{4B771A9D-CEAE-4C3B-9432-AC49A16FF84C}.Debug|Any CPU.Build.0 = Debug|Any CPU
		{4B771A9D-CEAE-4C3B-9432-AC49A16FF84C}.Release|Any CPU.ActiveCfg = Release|Any CPU
		{4B771A9D-CEAE-4C3B-9432-AC49A16FF84C}.Release|Any CPU.Build.0 = Release|Any CPU
		{981BA4D9-3FEA-4A62-9313-824533290AA8}.Debug|Any CPU.ActiveCfg = Debug|Any CPU
		{981BA4D9-3FEA-4A62-9313-824533290AA8}.Debug|Any CPU.Build.0 = Debug|Any CPU
		{981BA4D9-3FEA-4A62-9313-824533290AA8}.Release|Any CPU.ActiveCfg = Release|Any CPU
		{981BA4D9-3FEA-4A62-9313-824533290AA8}.Release|Any CPU.Build.0 = Release|Any CPU
		{D170DF0B-2362-49FF-807F-5C8A2937607E}.Debug|Any CPU.ActiveCfg = Debug|Any CPU
		{D170DF0B-2362-49FF-807F-5C8A2937607E}.Debug|Any CPU.Build.0 = Debug|Any CPU
		{D170DF0B-2362-49FF-807F-5C8A2937607E}.Release|Any CPU.ActiveCfg = Release|Any CPU
		{D170DF0B-2362-49FF-807F-5C8A2937607E}.Release|Any CPU.Build.0 = Release|Any CPU
		{E20C4C5B-A48F-4888-A964-F40CCD434B3C}.Debug|Any CPU.ActiveCfg = Debug|Any CPU
		{E20C4C5B-A48F-4888-A964-F40CCD434B3C}.Debug|Any CPU.Build.0 = Debug|Any CPU
		{E20C4C5B-A48F-4888-A964-F40CCD434B3C}.Release|Any CPU.ActiveCfg = Release|Any CPU
		{E20C4C5B-A48F-4888-A964-F40CCD434B3C}.Release|Any CPU.Build.0 = Release|Any CPU
		{A7FB3C5A-F760-44DE-99B2-4CBA86B92F71}.Debug|Any CPU.ActiveCfg = Debug|Any CPU
		{A7FB3C5A-F760-44DE-99B2-4CBA86B92F71}.Debug|Any CPU.Build.0 = Debug|Any CPU
		{A7FB3C5A-F760-44DE-99B2-4CBA86B92F71}.Release|Any CPU.ActiveCfg = Release|Any CPU
		{A7FB3C5A-F760-44DE-99B2-4CBA86B92F71}.Release|Any CPU.Build.0 = Release|Any CPU
		{1EA9DAA5-7249-463B-8798-87B36CE35173}.Debug|Any CPU.ActiveCfg = Debug|Any CPU
		{1EA9DAA5-7249-463B-8798-87B36CE35173}.Debug|Any CPU.Build.0 = Debug|Any CPU
		{1EA9DAA5-7249-463B-8798-87B36CE35173}.Release|Any CPU.ActiveCfg = Release|Any CPU
		{1EA9DAA5-7249-463B-8798-87B36CE35173}.Release|Any CPU.Build.0 = Release|Any CPU
		{15430D85-8920-4EFA-837A-F508D69C5F8D}.Debug|Any CPU.ActiveCfg = Debug|Any CPU
		{15430D85-8920-4EFA-837A-F508D69C5F8D}.Debug|Any CPU.Build.0 = Debug|Any CPU
		{15430D85-8920-4EFA-837A-F508D69C5F8D}.Release|Any CPU.ActiveCfg = Release|Any CPU
		{15430D85-8920-4EFA-837A-F508D69C5F8D}.Release|Any CPU.Build.0 = Release|Any CPU
		{9AC92080-F133-4A77-98E0-6869C0DF382B}.Debug|Any CPU.ActiveCfg = Debug|Any CPU
		{9AC92080-F133-4A77-98E0-6869C0DF382B}.Debug|Any CPU.Build.0 = Debug|Any CPU
		{9AC92080-F133-4A77-98E0-6869C0DF382B}.Release|Any CPU.ActiveCfg = Release|Any CPU
		{9AC92080-F133-4A77-98E0-6869C0DF382B}.Release|Any CPU.Build.0 = Release|Any CPU
	EndGlobalSection
	GlobalSection(SolutionProperties) = preSolution
		HideSolutionNode = FALSE
	EndGlobalSection
	GlobalSection(ExtensibilityGlobals) = postSolution
		SolutionGuid = {AA8F7087-3308-4D8C-A0F1-322347472F38}
	EndGlobalSection
EndGlobal
